{
  "name": "Reactivities",
  "lockfileVersion": 2,
  "requires": true,
  "packages": {
    "": {
      "devDependencies": {
        "@types/facebook-js-sdk": "^3.3.5"
      }
    },
    "node_modules/@types/facebook-js-sdk": {
      "version": "3.3.5",
      "resolved": "https://registry.npmjs.org/@types/facebook-js-sdk/-/facebook-js-sdk-3.3.5.tgz",
      "integrity": "sha512-80UAq9UoDzDDpsRXxV2ci1R+g/durNJTEzqh3ES4YkswW5T2lWAUuAghUWruw/H849ZhugyQqeaLHKF0iapReg==",
      "dev": true
    }
  },
  "dependencies": {
    "@types/facebook-js-sdk": {
      "version": "3.3.5",
      "resolved": "https://registry.npmjs.org/@types/facebook-js-sdk/-/facebook-js-sdk-3.3.5.tgz",
      "integrity": "sha512-80UAq9UoDzDDpsRXxV2ci1R+g/durNJTEzqh3ES4YkswW5T2lWAUuAghUWruw/H849ZhugyQqeaLHKF0iapReg==",
      "dev": true
    }
  }
}
