
Microsoft Visual Studio Solution File, Format Version 12.00
# Visual Studio Version 16
VisualStudioVersion = 16.0.30114.105
MinimumVisualStudioVersion = 10.0.40219.1
Project("{FAE04EC0-301F-11D3-BF4B-00C04F79EFBC}") = "API", "API\API.csproj", "{46785EB6-65DE-4692-AFF3-CAE5B28154E4}"
EndProject
Project("{FAE04EC0-301F-11D3-BF4B-00C04F79EFBC}") = "Domain", "Domain\Domain.csproj", "{1FED2FBA-2699-4C45-82E9-4C23CABE8DB8}"
EndProject
Project("{FAE04EC0-301F-11D3-BF4B-00C04F79EFBC}") = "Persistence", "Persistence\Persistence.csproj", "{B6CAE9F4-4E5A-402C-892C-6B10FC888289}"
EndProject
Project("{FAE04EC0-301F-11D3-BF4B-00C04F79EFBC}") = "Application", "Application\Application.csproj", "{74F65DB4-BB30-45D8-9957-1D2D97A8EBF9}"
EndProject
Global
	GlobalSection(SolutionConfigurationPlatforms) = preSolution
		Debug|Any CPU = Debug|Any CPU
		Debug|x64 = Debug|x64
		Debug|x86 = Debug|x86
		Release|Any CPU = Release|Any CPU
		Release|x64 = Release|x64
		Release|x86 = Release|x86
	EndGlobalSection
	GlobalSection(SolutionProperties) = preSolution
		HideSolutionNode = FALSE
	EndGlobalSection
	GlobalSection(ProjectConfigurationPlatforms) = postSolution
		{46785EB6-65DE-4692-AFF3-CAE5B28154E4}.Debug|Any CPU.ActiveCfg = Debug|Any CPU
		{46785EB6-65DE-4692-AFF3-CAE5B28154E4}.Debug|Any CPU.Build.0 = Debug|Any CPU
		{46785EB6-65DE-4692-AFF3-CAE5B28154E4}.Debug|x64.ActiveCfg = Debug|Any CPU
		{46785EB6-65DE-4692-AFF3-CAE5B28154E4}.Debug|x64.Build.0 = Debug|Any CPU
		{46785EB6-65DE-4692-AFF3-CAE5B28154E4}.Debug|x86.ActiveCfg = Debug|Any CPU
		{46785EB6-65DE-4692-AFF3-CAE5B28154E4}.Debug|x86.Build.0 = Debug|Any CPU
		{46785EB6-65DE-4692-AFF3-CAE5B28154E4}.Release|Any CPU.ActiveCfg = Release|Any CPU
		{46785EB6-65DE-4692-AFF3-CAE5B28154E4}.Release|Any CPU.Build.0 = Release|Any CPU
		{46785EB6-65DE-4692-AFF3-CAE5B28154E4}.Release|x64.ActiveCfg = Release|Any CPU
		{46785EB6-65DE-4692-AFF3-CAE5B28154E4}.Release|x64.Build.0 = Release|Any CPU
		{46785EB6-65DE-4692-AFF3-CAE5B28154E4}.Release|x86.ActiveCfg = Release|Any CPU
		{46785EB6-65DE-4692-AFF3-CAE5B28154E4}.Release|x86.Build.0 = Release|Any CPU
		{1FED2FBA-2699-4C45-82E9-4C23CABE8DB8}.Debug|Any CPU.ActiveCfg = Debug|Any CPU
		{1FED2FBA-2699-4C45-82E9-4C23CABE8DB8}.Debug|Any CPU.Build.0 = Debug|Any CPU
		{1FED2FBA-2699-4C45-82E9-4C23CABE8DB8}.Debug|x64.ActiveCfg = Debug|Any CPU
		{1FED2FBA-2699-4C45-82E9-4C23CABE8DB8}.Debug|x64.Build.0 = Debug|Any CPU
		{1FED2FBA-2699-4C45-82E9-4C23CABE8DB8}.Debug|x86.ActiveCfg = Debug|Any CPU
		{1FED2FBA-2699-4C45-82E9-4C23CABE8DB8}.Debug|x86.Build.0 = Debug|Any CPU
		{1FED2FBA-2699-4C45-82E9-4C23CABE8DB8}.Release|Any CPU.ActiveCfg = Release|Any CPU
		{1FED2FBA-2699-4C45-82E9-4C23CABE8DB8}.Release|Any CPU.Build.0 = Release|Any CPU
		{1FED2FBA-2699-4C45-82E9-4C23CABE8DB8}.Release|x64.ActiveCfg = Release|Any CPU
		{1FED2FBA-2699-4C45-82E9-4C23CABE8DB8}.Release|x64.Build.0 = Release|Any CPU
		{1FED2FBA-2699-4C45-82E9-4C23CABE8DB8}.Release|x86.ActiveCfg = Release|Any CPU
		{1FED2FBA-2699-4C45-82E9-4C23CABE8DB8}.Release|x86.Build.0 = Release|Any CPU
		{B6CAE9F4-4E5A-402C-892C-6B10FC888289}.Debug|Any CPU.ActiveCfg = Debug|Any CPU
		{B6CAE9F4-4E5A-402C-892C-6B10FC888289}.Debug|Any CPU.Build.0 = Debug|Any CPU
		{B6CAE9F4-4E5A-402C-892C-6B10FC888289}.Debug|x64.ActiveCfg = Debug|Any CPU
		{B6CAE9F4-4E5A-402C-892C-6B10FC888289}.Debug|x64.Build.0 = Debug|Any CPU
		{B6CAE9F4-4E5A-402C-892C-6B10FC888289}.Debug|x86.ActiveCfg = Debug|Any CPU
		{B6CAE9F4-4E5A-402C-892C-6B10FC888289}.Debug|x86.Build.0 = Debug|Any CPU
		{B6CAE9F4-4E5A-402C-892C-6B10FC888289}.Release|Any CPU.ActiveCfg = Release|Any CPU
		{B6CAE9F4-4E5A-402C-892C-6B10FC888289}.Release|Any CPU.Build.0 = Release|Any CPU
		{B6CAE9F4-4E5A-402C-892C-6B10FC888289}.Release|x64.ActiveCfg = Release|Any CPU
		{B6CAE9F4-4E5A-402C-892C-6B10FC888289}.Release|x64.Build.0 = Release|Any CPU
		{B6CAE9F4-4E5A-402C-892C-6B10FC888289}.Release|x86.ActiveCfg = Release|Any CPU
		{B6CAE9F4-4E5A-402C-892C-6B10FC888289}.Release|x86.Build.0 = Release|Any CPU
		{74F65DB4-BB30-45D8-9957-1D2D97A8EBF9}.Debug|Any CPU.ActiveCfg = Debug|Any CPU
		{74F65DB4-BB30-45D8-9957-1D2D97A8EBF9}.Debug|Any CPU.Build.0 = Debug|Any CPU
		{74F65DB4-BB30-45D8-9957-1D2D97A8EBF9}.Debug|x64.ActiveCfg = Debug|Any CPU
		{74F65DB4-BB30-45D8-9957-1D2D97A8EBF9}.Debug|x64.Build.0 = Debug|Any CPU
		{74F65DB4-BB30-45D8-9957-1D2D97A8EBF9}.Debug|x86.ActiveCfg = Debug|Any CPU
		{74F65DB4-BB30-45D8-9957-1D2D97A8EBF9}.Debug|x86.Build.0 = Debug|Any CPU
		{74F65DB4-BB30-45D8-9957-1D2D97A8EBF9}.Release|Any CPU.ActiveCfg = Release|Any CPU
		{74F65DB4-BB30-45D8-9957-1D2D97A8EBF9}.Release|Any CPU.Build.0 = Release|Any CPU
		{74F65DB4-BB30-45D8-9957-1D2D97A8EBF9}.Release|x64.ActiveCfg = Release|Any CPU
		{74F65DB4-BB30-45D8-9957-1D2D97A8EBF9}.Release|x64.Build.0 = Release|Any CPU
		{74F65DB4-BB30-45D8-9957-1D2D97A8EBF9}.Release|x86.ActiveCfg = Release|Any CPU
		{74F65DB4-BB30-45D8-9957-1D2D97A8EBF9}.Release|x86.Build.0 = Release|Any CPU
	EndGlobalSection
EndGlobal
